// !$*UTF8*$!
{
	archiveVersion = 1;
	classes = {
	};
	objectVersion = 77;
	objects = {

/* Begin PBXContainerItemProxy section */
		69DBB70D2D5DAAD800D0BF59 /* PBXContainerItemProxy */ = {
			isa = PBXContainerItemProxy;
			containerPortal = 69DBB6F42D5DAAD700D0BF59 /* Project object */;
			proxyType = 1;
			remoteGlobalIDString = 69DBB6FB2D5DAAD700D0BF59;
			remoteInfo = study;
		};
		69DBB7172D5DAAD800D0BF59 /* PBXContainerItemProxy */ = {
			isa = PBXContainerItemProxy;
			containerPortal = 69DBB6F42D5DAAD700D0BF59 /* Project object */;
			proxyType = 1;
			remoteGlobalIDString = 69DBB6FB2D5DAAD700D0BF59;
			remoteInfo = study;
		};
/* End PBXContainerItemProxy section */

/* Begin PBXFileReference section */
		69DBB6FC2D5DAAD700D0BF59 /* study.app */ = {isa = PBXFileReference; explicitFileType = wrapper.application; includeInIndex = 0; path = study.app; sourceTree = BUILT_PRODUCTS_DIR; };
		69DBB70C2D5DAAD800D0BF59 /* studyTests.xctest */ = {isa = PBXFileReference; explicitFileType = wrapper.cfbundle; includeInIndex = 0; path = studyTests.xctest; sourceTree = BUILT_PRODUCTS_DIR; };
		69DBB7162D5DAAD800D0BF59 /* studyUITests.xctest */ = {isa = PBXFileReference; explicitFileType = wrapper.cfbundle; includeInIndex = 0; path = studyUITests.xctest; sourceTree = BUILT_PRODUCTS_DIR; };
/* End PBXFileReference section */

/* Begin PBXFileSystemSynchronizedRootGroup section */
		69DBB6FE2D5DAAD700D0BF59 /* study */ = {
			isa = PBXFileSystemSynchronizedRootGroup;
			path = study;
			sourceTree = "<group>";
		};
		69DBB70F2D5DAAD800D0BF59 /* studyTests */ = {
			isa = PBXFileSystemSynchronizedRootGroup;
			path = studyTests;
			sourceTree = "<group>";
		};
		69DBB7192D5DAAD800D0BF59 /* studyUITests */ = {
			isa = PBXFileSystemSynchronizedRootGroup;
			path = studyUITests;
			sourceTree = "<group>";
		};
/* End PBXFileSystemSynchronizedRootGroup section */

/* Begin PBXFrameworksBuildPhase section */
		69DBB6F92D5DAAD700D0BF59 /* Frameworks */ = {
			isa = PBXFrameworksBuildPhase;
			buildActionMask = 2147483647;
			files = (
			);
			runOnlyForDeploymentPostprocessing = 0;
		};
		69DBB7092D5DAAD800D0BF59 /* Frameworks */ = {
			isa = PBXFrameworksBuildPhase;
			buildActionMask = 2147483647;
			files = (
			);
			runOnlyForDeploymentPostprocessing = 0;
		};
		69DBB7132D5DAAD800D0BF59 /* Frameworks */ = {
			isa = PBXFrameworksBuildPhase;
			buildActionMask = 2147483647;
			files = (
			);
			runOnlyForDeploymentPostprocessing = 0;
		};
/* End PBXFrameworksBuildPhase section */

/* Begin PBXGroup section */
		69DBB6F32D5DAAD700D0BF59 = {
			isa = PBXGroup;
			children = (
				69DBB6FE2D5DAAD700D0BF59 /* study */,
				69DBB70F2D5DAAD800D0BF59 /* studyTests */,
				69DBB7192D5DAAD800D0BF59 /* studyUITests */,
				69DBB6FD2D5DAAD700D0BF59 /* Products */,
			);
			sourceTree = "<group>";
		};
		69DBB6FD2D5DAAD700D0BF59 /* Products */ = {
			isa = PBXGroup;
			children = (
				69DBB6FC2D5DAAD700D0BF59 /* study.app */,
				69DBB70C2D5DAAD800D0BF59 /* studyTests.xctest */,
				69DBB7162D5DAAD800D0BF59 /* studyUITests.xctest */,
			);
			name = Products;
			sourceTree = "<group>";
		};
/* End PBXGroup section */

/* Begin PBXNativeTarget section */
		69DBB6FB2D5DAAD700D0BF59 /* study */ = {
			isa = PBXNativeTarget;
			buildConfigurationList = 69DBB7202D5DAAD800D0BF59 /* Build configuration list for PBXNativeTarget "study" */;
			buildPhases = (
				69DBB6F82D5DAAD700D0BF59 /* Sources */,
				69DBB6F92D5DAAD700D0BF59 /* Frameworks */,
				69DBB6FA2D5DAAD700D0BF59 /* Resources */,
			);
			buildRules = (
			);
			dependencies = (
			);
			fileSystemSynchronizedGroups = (
				69DBB6FE2D5DAAD700D0BF59 /* study */,
			);
			name = study;
			packageProductDependencies = (
			);
			productName = study;
			productReference = 69DBB6FC2D5DAAD700D0BF59 /* study.app */;
			productType = "com.apple.product-type.application";
		};
		69DBB70B2D5DAAD800D0BF59 /* studyTests */ = {
			isa = PBXNativeTarget;
			buildConfigurationList = 69DBB7232D5DAAD800D0BF59 /* Build configuration list for PBXNativeTarget "studyTests" */;
			buildPhases = (
				69DBB7082D5DAAD800D0BF59 /* Sources */,
				69DBB7092D5DAAD800D0BF59 /* Frameworks */,
				69DBB70A2D5DAAD800D0BF59 /* Resources */,
			);
			buildRules = (
			);
			dependencies = (
				69DBB70E2D5DAAD800D0BF59 /* PBXTargetDependency */,
			);
			fileSystemSynchronizedGroups = (
				69DBB70F2D5DAAD800D0BF59 /* studyTests */,
			);
			name = studyTests;
			packageProductDependencies = (
			);
			productName = studyTests;
			productReference = 69DBB70C2D5DAAD800D0BF59 /* studyTests.xctest */;
			productType = "com.apple.product-type.bundle.unit-test";
		};
		69DBB7152D5DAAD800D0BF59 /* studyUITests */ = {
			isa = PBXNativeTarget;
			buildConfigurationList = 69DBB7262D5DAAD800D0BF59 /* Build configuration list for PBXNativeTarget "studyUITests" */;
			buildPhases = (
				69DBB7122D5DAAD800D0BF59 /* Sources */,
				69DBB7132D5DAAD800D0BF59 /* Frameworks */,
				69DBB7142D5DAAD800D0BF59 /* Resources */,
			);
			buildRules = (
			);
			dependencies = (
				69DBB7182D5DAAD800D0BF59 /* PBXTargetDependency */,
			);
			fileSystemSynchronizedGroups = (
				69DBB7192D5DAAD800D0BF59 /* studyUITests */,
			);
			name = studyUITests;
			packageProductDependencies = (
			);
			productName = studyUITests;
			productReference = 69DBB7162D5DAAD800D0BF59 /* studyUITests.xctest */;
			productType = "com.apple.product-type.bundle.ui-testing";
		};
/* End PBXNativeTarget section */

/* Begin PBXProject section */
		69DBB6F42D5DAAD700D0BF59 /* Project object */ = {
			isa = PBXProject;
			attributes = {
				BuildIndependentTargetsInParallel = 1;
				LastSwiftUpdateCheck = 1620;
				LastUpgradeCheck = 1620;
				TargetAttributes = {
					69DBB6FB2D5DAAD700D0BF59 = {
						CreatedOnToolsVersion = 16.2;
					};
					69DBB70B2D5DAAD800D0BF59 = {
						CreatedOnToolsVersion = 16.2;
						TestTargetID = 69DBB6FB2D5DAAD700D0BF59;
					};
					69DBB7152D5DAAD800D0BF59 = {
						CreatedOnToolsVersion = 16.2;
						TestTargetID = 69DBB6FB2D5DAAD700D0BF59;
					};
				};
			};
			buildConfigurationList = 69DBB6F72D5DAAD700D0BF59 /* Build configuration list for PBXProject "study" */;
			developmentRegion = en;
			hasScannedForEncodings = 0;
			knownRegions = (
				en,
				Base,
			);
			mainGroup = 69DBB6F32D5DAAD700D0BF59;
			minimizedProjectReferenceProxies = 1;
			preferredProjectObjectVersion = 77;
			productRefGroup = 69DBB6FD2D5DAAD700D0BF59 /* Products */;
			projectDirPath = "";
			projectRoot = "";
			targets = (
				69DBB6FB2D5DAAD700D0BF59 /* study */,
				69DBB70B2D5DAAD800D0BF59 /* studyTests */,
				69DBB7152D5DAAD800D0BF59 /* studyUITests */,
			);
		};
/* End PBXProject section */

/* Begin PBXResourcesBuildPhase section */
		69DBB6FA2D5DAAD700D0BF59 /* Resources */ = {
			isa = PBXResourcesBuildPhase;
			buildActionMask = 2147483647;
			files = (
			);
			runOnlyForDeploymentPostprocessing = 0;
		};
		69DBB70A2D5DAAD800D0BF59 /* Resources */ = {
			isa = PBXResourcesBuildPhase;
			buildActionMask = 2147483647;
			files = (
			);
			runOnlyForDeploymentPostprocessing = 0;
		};
		69DBB7142D5DAAD800D0BF59 /* Resources */ = {
			isa = PBXResourcesBuildPhase;
			buildActionMask = 2147483647;
			files = (
			);
			runOnlyForDeploymentPostprocessing = 0;
		};
/* End PBXResourcesBuildPhase section */

/* Begin PBXSourcesBuildPhase section */
		69DBB6F82D5DAAD700D0BF59 /* Sources */ = {
			isa = PBXSourcesBuildPhase;
			buildActionMask = 2147483647;
			files = (
			);
			runOnlyForDeploymentPostprocessing = 0;
		};
		69DBB7082D5DAAD800D0BF59 /* Sources */ = {
			isa = PBXSourcesBuildPhase;
			buildActionMask = 2147483647;
			files = (
			);
			runOnlyForDeploymentPostprocessing = 0;
		};
		69DBB7122D5DAAD800D0BF59 /* Sources */ = {
			isa = PBXSourcesBuildPhase;
			buildActionMask = 2147483647;
			files = (
			);
			runOnlyForDeploymentPostprocessing = 0;
		};
/* End PBXSourcesBuildPhase section */

/* Begin PBXTargetDependency section */
		69DBB70E2D5DAAD800D0BF59 /* PBXTargetDependency */ = {
			isa = PBXTargetDependency;
			target = 69DBB6FB2D5DAAD700D0BF59 /* study */;
			targetProxy = 69DBB70D2D5DAAD800D0BF59 /* PBXContainerItemProxy */;
		};
		69DBB7182D5DAAD800D0BF59 /* PBXTargetDependency */ = {
			isa = PBXTargetDependency;
			target = 69DBB6FB2D5DAAD700D0BF59 /* study */;
			targetProxy = 69DBB7172D5DAAD800D0BF59 /* PBXContainerItemProxy */;
		};
/* End PBXTargetDependency section */

/* Begin XCBuildConfiguration section */
		69DBB71E2D5DAAD800D0BF59 /* Debug */ = {
			isa = XCBuildConfiguration;
			buildSettings = {
				ALWAYS_SEARCH_USER_PATHS = NO;
				ASSETCATALOG_COMPILER_GENERATE_SWIFT_ASSET_SYMBOL_EXTENSIONS = YES;
				CLANG_ANALYZER_NONNULL = YES;
				CLANG_ANALYZER_NUMBER_OBJECT_CONVERSION = YES_AGGRESSIVE;
				CLANG_CXX_LANGUAGE_STANDARD = "gnu++20";
				CLANG_ENABLE_MODULES = YES;
				CLANG_ENABLE_OBJC_ARC = YES;
				CLANG_ENABLE_OBJC_WEAK = YES;
				CLANG_WARN_BLOCK_CAPTURE_AUTORELEASING = YES;
				CLANG_WARN_BOOL_CONVERSION = YES;
				CLANG_WARN_COMMA = YES;
				CLANG_WARN_CONSTANT_CONVERSION = YES;
				CLANG_WARN_DEPRECATED_OBJC_IMPLEMENTATIONS = YES;
				CLANG_WARN_DIRECT_OBJC_ISA_USAGE = YES_ERROR;
				CLANG_WARN_DOCUMENTATION_COMMENTS = YES;
				CLANG_WARN_EMPTY_BODY = YES;
				CLANG_WARN_ENUM_CONVERSION = YES;
				CLANG_WARN_INFINITE_RECURSION = YES;
				CLANG_WARN_INT_CONVERSION = YES;
				CLANG_WARN_NON_LITERAL_NULL_CONVERSION = YES;
				CLANG_WARN_OBJC_IMPLICIT_RETAIN_SELF = YES;
				CLANG_WARN_OBJC_LITERAL_CONVERSION = YES;
				CLANG_WARN_OBJC_ROOT_CLASS = YES_ERROR;
				CLANG_WARN_QUOTED_INCLUDE_IN_FRAMEWORK_HEADER = YES;
				CLANG_WARN_RANGE_LOOP_ANALYSIS = YES;
				CLANG_WARN_STRICT_PROTOTYPES = YES;
				CLANG_WARN_SUSPICIOUS_MOVE = YES;
				CLANG_WARN_UNGUARDED_AVAILABILITY = YES_AGGRESSIVE;
				CLANG_WARN_UNREACHABLE_CODE = YES;
				CLANG_WARN__DUPLICATE_METHOD_MATCH = YES;
				COPY_PHASE_STRIP = NO;
				DEBUG_INFORMATION_FORMAT = dwarf;
				ENABLE_STRICT_OBJC_MSGSEND = YES;
				ENABLE_TESTABILITY = YES;
				ENABLE_USER_SCRIPT_SANDBOXING = YES;
				GCC_C_LANGUAGE_STANDARD = gnu17;
				GCC_DYNAMIC_NO_PIC = NO;
				GCC_NO_COMMON_BLOCKS = YES;
				GCC_OPTIMIZATION_LEVEL = 0;
				GCC_PREPROCESSOR_DEFINITIONS = (
					"DEBUG=1",
					"$(inherited)",
				);
				GCC_WARN_64_TO_32_BIT_CONVERSION = YES;
				GCC_WARN_ABOUT_RETURN_TYPE = YES_ERROR;
				GCC_WARN_UNDECLARED_SELECTOR = YES;
				GCC_WARN_UNINITIALIZED_AUTOS = YES_AGGRESSIVE;
				GCC_WARN_UNUSED_FUNCTION = YES;
				GCC_WARN_UNUSED_VARIABLE = YES;
				IPHONEOS_DEPLOYMENT_TARGET = 18.2;
				LOCALIZATION_PREFERS_STRING_CATALOGS = YES;
				MTL_ENABLE_DEBUG_INFO = INCLUDE_SOURCE;
				MTL_FAST_MATH = YES;
				ONLY_ACTIVE_ARCH = YES;
				SDKROOT = iphoneos;
				SWIFT_ACTIVE_COMPILATION_CONDITIONS = "DEBUG $(inherited)";
				SWIFT_OPTIMIZATION_LEVEL = "-Onone";
			};
			name = Debug;
		};
		69DBB71F2D5DAAD800D0BF59 /* Release */ = {
			isa = XCBuildConfiguration;
			buildSettings = {
				ALWAYS_SEARCH_USER_PATHS = NO;
				ASSETCATALOG_COMPILER_GENERATE_SWIFT_ASSET_SYMBOL_EXTENSIONS = YES;
				CLANG_ANALYZER_NONNULL = YES;
				CLANG_ANALYZER_NUMBER_OBJECT_CONVERSION = YES_AGGRESSIVE;
				CLANG_CXX_LANGUAGE_STANDARD = "gnu++20";
				CLANG_ENABLE_MODULES = YES;
				CLANG_ENABLE_OBJC_ARC = YES;
				CLANG_ENABLE_OBJC_WEAK = YES;
				CLANG_WARN_BLOCK_CAPTURE_AUTORELEASING = YES;
				CLANG_WARN_BOOL_CONVERSION = YES;
				CLANG_WARN_COMMA = YES;
				CLANG_WARN_CONSTANT_CONVERSION = YES;
				CLANG_WARN_DEPRECATED_OBJC_IMPLEMENTATIONS = YES;
				CLANG_WARN_DIRECT_OBJC_ISA_USAGE = YES_ERROR;
				CLANG_WARN_DOCUMENTATION_COMMENTS = YES;
				CLANG_WARN_EMPTY_BODY = YES;
				CLANG_WARN_ENUM_CONVERSION = YES;
				CLANG_WARN_INFINITE_RECURSION = YES;
				CLANG_WARN_INT_CONVERSION = YES;
				CLANG_WARN_NON_LITERAL_NULL_CONVERSION = YES;
				CLANG_WARN_OBJC_IMPLICIT_RETAIN_SELF = YES;
				CLANG_WARN_OBJC_LITERAL_CONVERSION = YES;
				CLANG_WARN_OBJC_ROOT_CLASS = YES_ERROR;
				CLANG_WARN_QUOTED_INCLUDE_IN_FRAMEWORK_HEADER = YES;
				CLANG_WARN_RANGE_LOOP_ANALYSIS = YES;
				CLANG_WARN_STRICT_PROTOTYPES = YES;
				CLANG_WARN_SUSPICIOUS_MOVE = YES;
				CLANG_WARN_UNGUARDED_AVAILABILITY = YES_AGGRESSIVE;
				CLANG_WARN_UNREACHABLE_CODE = YES;
				CLANG_WARN__DUPLICATE_METHOD_MATCH = YES;
				COPY_PHASE_STRIP = NO;
				DEBUG_INFORMATION_FORMAT = "dwarf-with-dsym";
				ENABLE_NS_ASSERTIONS = NO;
				ENABLE_STRICT_OBJC_MSGSEND = YES;
				ENABLE_USER_SCRIPT_SANDBOXING = YES;
				GCC_C_LANGUAGE_STANDARD = gnu17;
				GCC_NO_COMMON_BLOCKS = YES;
				GCC_WARN_64_TO_32_BIT_CONVERSION = YES;
				GCC_WARN_ABOUT_RETURN_TYPE = YES_ERROR;
				GCC_WARN_UNDECLARED_SELECTOR = YES;
				GCC_WARN_UNINITIALIZED_AUTOS = YES_AGGRESSIVE;
				GCC_WARN_UNUSED_FUNCTION = YES;
				GCC_WARN_UNUSED_VARIABLE = YES;
				IPHONEOS_DEPLOYMENT_TARGET = 18.2;
				LOCALIZATION_PREFERS_STRING_CATALOGS = YES;
				MTL_ENABLE_DEBUG_INFO = NO;
				MTL_FAST_MATH = YES;
				SDKROOT = iphoneos;
				SWIFT_COMPILATION_MODE = wholemodule;
				VALIDATE_PRODUCT = YES;
			};
			name = Release;
		};
		69DBB7212D5DAAD800D0BF59 /* Debug */ = {
			isa = XCBuildConfiguration;
			buildSettings = {
				ASSETCATALOG_COMPILER_APPICON_NAME = AppIcon;
				ASSETCATALOG_COMPILER_GLOBAL_ACCENT_COLOR_NAME = AccentColor;
				CODE_SIGN_STYLE = Automatic;
				CURRENT_PROJECT_VERSION = 1;
				DEVELOPMENT_ASSET_PATHS = "\"study/Preview Content\"";
				DEVELOPMENT_TEAM = FJ4FTGFJWY;
				ENABLE_PREVIEWS = YES;
				GENERATE_INFOPLIST_FILE = YES;
				INFOPLIST_KEY_UIApplicationSceneManifest_Generation = YES;
				INFOPLIST_KEY_UIApplicationSupportsIndirectInputEvents = YES;
				INFOPLIST_KEY_UILaunchScreen_Generation = YES;
				INFOPLIST_KEY_UISupportedInterfaceOrientations_iPad = "UIInterfaceOrientationPortrait UIInterfaceOrientationPortraitUpsideDown UIInterfaceOrientationLandscapeLeft UIInterfaceOrientationLandscapeRight";
				INFOPLIST_KEY_UISupportedInterfaceOrientations_iPhone = "UIInterfaceOrientationPortrait UIInterfaceOrientationLandscapeLeft UIInterfaceOrientationLandscapeRight";
				LD_RUNPATH_SEARCH_PATHS = (
					"$(inherited)",
					"@executable_path/Frameworks",
				);
				MARKETING_VERSION = 1.0;
				PRODUCT_BUNDLE_IDENTIFIER = com.hongje.study;
				PRODUCT_NAME = "$(TARGET_NAME)";
				SWIFT_EMIT_LOC_STRINGS = YES;
				SWIFT_VERSION = 5.0;
				TARGETED_DEVICE_FAMILY = "1,2";
			};
			name = Debug;
		};
		69DBB7222D5DAAD800D0BF59 /* Release */ = {
			isa = XCBuildConfiguration;
			buildSettings = {
				ASSETCATALOG_COMPILER_APPICON_NAME = AppIcon;
				ASSETCATALOG_COMPILER_GLOBAL_ACCENT_COLOR_NAME = AccentColor;
				CODE_SIGN_STYLE = Automatic;
				CURRENT_PROJECT_VERSION = 1;
				DEVELOPMENT_ASSET_PATHS = "\"study/Preview Content\"";
				DEVELOPMENT_TEAM = FJ4FTGFJWY;
				ENABLE_PREVIEWS = YES;
				GENERATE_INFOPLIST_FILE = YES;
				INFOPLIST_KEY_UIApplicationSceneManifest_Generation = YES;
				INFOPLIST_KEY_UIApplicationSupportsIndirectInputEvents = YES;
				INFOPLIST_KEY_UILaunchScreen_Generation = YES;
				INFOPLIST_KEY_UISupportedInterfaceOrientations_iPad = "UIInterfaceOrientationPortrait UIInterfaceOrientationPortraitUpsideDown UIInterfaceOrientationLandscapeLeft UIInterfaceOrientationLandscapeRight";
				INFOPLIST_KEY_UISupportedInterfaceOrientations_iPhone = "UIInterfaceOrientationPortrait UIInterfaceOrientationLandscapeLeft UIInterfaceOrientationLandscapeRight";
				LD_RUNPATH_SEARCH_PATHS = (
					"$(inherited)",
					"@executable_path/Frameworks",
				);
				MARKETING_VERSION = 1.0;
				PRODUCT_BUNDLE_IDENTIFIER = com.hongje.study;
				PRODUCT_NAME = "$(TARGET_NAME)";
				SWIFT_EMIT_LOC_STRINGS = YES;
				SWIFT_VERSION = 5.0;
				TARGETED_DEVICE_FAMILY = "1,2";
			};
			name = Release;
		};
		69DBB7242D5DAAD800D0BF59 /* Debug */ = {
			isa = XCBuildConfiguration;
			buildSettings = {
				BUNDLE_LOADER = "$(TEST_HOST)";
				CODE_SIGN_STYLE = Automatic;
				CURRENT_PROJECT_VERSION = 1;
				DEVELOPMENT_TEAM = FJ4FTGFJWY;
				GENERATE_INFOPLIST_FILE = YES;
				IPHONEOS_DEPLOYMENT_TARGET = 18.2;
				MARKETING_VERSION = 1.0;
				PRODUCT_BUNDLE_IDENTIFIER = com.hongje.studyTests;
				PRODUCT_NAME = "$(TARGET_NAME)";
				SWIFT_EMIT_LOC_STRINGS = NO;
				SWIFT_VERSION = 5.0;
				TARGETED_DEVICE_FAMILY = "1,2";
				TEST_HOST = "$(BUILT_PRODUCTS_DIR)/study.app/$(BUNDLE_EXECUTABLE_FOLDER_PATH)/study";
			};
			name = Debug;
		};
		69DBB7252D5DAAD800D0BF59 /* Release */ = {
			isa = XCBuildConfiguration;
			buildSettings = {
				BUNDLE_LOADER = "$(TEST_HOST)";
				CODE_SIGN_STYLE = Automatic;
				CURRENT_PROJECT_VERSION = 1;
				DEVELOPMENT_TEAM = FJ4FTGFJWY;
				GENERATE_INFOPLIST_FILE = YES;
				IPHONEOS_DEPLOYMENT_TARGET = 18.2;
				MARKETING_VERSION = 1.0;
				PRODUCT_BUNDLE_IDENTIFIER = com.hongje.studyTests;
				PRODUCT_NAME = "$(TARGET_NAME)";
				SWIFT_EMIT_LOC_STRINGS = NO;
				SWIFT_VERSION = 5.0;
				TARGETED_DEVICE_FAMILY = "1,2";
				TEST_HOST = "$(BUILT_PRODUCTS_DIR)/study.app/$(BUNDLE_EXECUTABLE_FOLDER_PATH)/study";
			};
			name = Release;
		};
		69DBB7272D5DAAD800D0BF59 /* Debug */ = {
			isa = XCBuildConfiguration;
			buildSettings = {
				CODE_SIGN_STYLE = Automatic;
				CURRENT_PROJECT_VERSION = 1;
				DEVELOPMENT_TEAM = FJ4FTGFJWY;
				GENERATE_INFOPLIST_FILE = YES;
				MARKETING_VERSION = 1.0;
				PRODUCT_BUNDLE_IDENTIFIER = com.hongje.studyUITests;
				PRODUCT_NAME = "$(TARGET_NAME)";
				SWIFT_EMIT_LOC_STRINGS = NO;
				SWIFT_VERSION = 5.0;
				TARGETED_DEVICE_FAMILY = "1,2";
				TEST_TARGET_NAME = study;
			};
			name = Debug;
		};
		69DBB7282D5DAAD800D0BF59 /* Release */ = {
			isa = XCBuildConfiguration;
			buildSettings = {
				CODE_SIGN_STYLE = Automatic;
				CURRENT_PROJECT_VERSION = 1;
				DEVELOPMENT_TEAM = FJ4FTGFJWY;
				GENERATE_INFOPLIST_FILE = YES;
				MARKETING_VERSION = 1.0;
				PRODUCT_BUNDLE_IDENTIFIER = com.hongje.studyUITests;
				PRODUCT_NAME = "$(TARGET_NAME)";
				SWIFT_EMIT_LOC_STRINGS = NO;
				SWIFT_VERSION = 5.0;
				TARGETED_DEVICE_FAMILY = "1,2";
				TEST_TARGET_NAME = study;
			};
			name = Release;
		};
/* End XCBuildConfiguration section */

/* Begin XCConfigurationList section */
		69DBB6F72D5DAAD700D0BF59 /* Build configuration list for PBXProject "study" */ = {
			isa = XCConfigurationList;
			buildConfigurations = (
				69DBB71E2D5DAAD800D0BF59 /* Debug */,
				69DBB71F2D5DAAD800D0BF59 /* Release */,
			);
			defaultConfigurationIsVisible = 0;
			defaultConfigurationName = Release;
		};
		69DBB7202D5DAAD800D0BF59 /* Build configuration list for PBXNativeTarget "study" */ = {
			isa = XCConfigurationList;
			buildConfigurations = (
				69DBB7212D5DAAD800D0BF59 /* Debug */,
				69DBB7222D5DAAD800D0BF59 /* Release */,
			);
			defaultConfigurationIsVisible = 0;
			defaultConfigurationName = Release;
		};
		69DBB7232D5DAAD800D0BF59 /* Build configuration list for PBXNativeTarget "studyTests" */ = {
			isa = XCConfigurationList;
			buildConfigurations = (
				69DBB7242D5DAAD800D0BF59 /* Debug */,
				69DBB7252D5DAAD800D0BF59 /* Release */,
			);
			defaultConfigurationIsVisible = 0;
			defaultConfigurationName = Release;
		};
		69DBB7262D5DAAD800D0BF59 /* Build configuration list for PBXNativeTarget "studyUITests" */ = {
			isa = XCConfigurationList;
			buildConfigurations = (
				69DBB7272D5DAAD800D0BF59 /* Debug */,
				69DBB7282D5DAAD800D0BF59 /* Release */,
			);
			defaultConfigurationIsVisible = 0;
			defaultConfigurationName = Release;
		};
/* End XCConfigurationList section */
	};
	rootObject = 69DBB6F42D5DAAD700D0BF59 /* Project object */;
}
